
Microsoft Visual Studio Solution File, Format Version 12.00
# Visual Studio 15
VisualStudioVersion = 15.0.27703.2042
MinimumVisualStudioVersion = 10.0.40219.1
Project("{9A19103F-16F7-4668-BE54-9A1E7A4F7556}") = "BookingApp.LocalTrafficRouterService", "BookingApp.LocalTrafficRouterService\BookingApp.LocalTrafficRouterService.csproj", "{8C470221-3756-4394-91EE-0DFDAFCCA8BF}"
EndProject
Project("{9A19103F-16F7-4668-BE54-9A1E7A4F7556}") = "BookingApp.RegistryService", "BookingApp.RegistryService\BookingApp.RegistryService.csproj", "{CD16802F-4EAD-47CC-80B8-6E2DA24C0551}"
EndProject
Project("{2150E333-8FDC-42A3-9474-1A3956D46DE8}") = "TechnicalServices", "TechnicalServices", "{30DB58A4-B294-498B-BC1C-C787CCE2ED88}"
EndProject
Project("{2150E333-8FDC-42A3-9474-1A3956D46DE8}") = "BusinessServices", "BusinessServices", "{A1C80E56-2850-4A39-9D3A-C276A57E0251}"
EndProject
Project("{9A19103F-16F7-4668-BE54-9A1E7A4F7556}") = "BookingApp.ApiGatewayService", "BookingApp.ApiGatewayService\BookingApp.ApiGatewayService.csproj", "{F4CE3339-4444-4509-A8E9-E80DFBCD2DA6}"
EndProject
Project("{FAE04EC0-301F-11D3-BF4B-00C04F79EFBC}") = "BookingApp.BookingService", "BookingApp.BookingService\BookingApp.BookingService.csproj", "{406E5A28-20E1-490E-878F-17746830974C}"
EndProject
Project("{FAE04EC0-301F-11D3-BF4B-00C04F79EFBC}") = "BookingApp.PaymentService", "BookingApp.PaymentService\BookingApp.PaymentService.csproj", "{8B1D0BF2-C6DC-4CFB-80B0-9EBDBD08EFDF}"
EndProject
Project("{FAE04EC0-301F-11D3-BF4B-00C04F79EFBC}") = "BookingApp.BookingManagerService", "BookingApp.BookingManagerService\BookingApp.BookingManagerService.csproj", "{F514E88F-2610-4A7C-AFE6-4B1D901BF0F5}"
EndProject
Project("{FAE04EC0-301F-11D3-BF4B-00C04F79EFBC}") = "BookingApp.NotificationService", "BookingApp.NotificationService\BookingApp.NotificationService.csproj", "{C51DEC21-6438-4696-8AEC-4AC7C73511B5}"
EndProject
Project("{FAE04EC0-301F-11D3-BF4B-00C04F79EFBC}") = "BookingApp.BookingHistoryService", "BookingApp.BookingHistoryService\BookingApp.BookingHistoryService.csproj", "{8A1A9FD5-A5C2-404A-901D-F29570281394}"
EndProject
Global
	GlobalSection(SolutionConfigurationPlatforms) = preSolution
		Debug|Any CPU = Debug|Any CPU
		Release|Any CPU = Release|Any CPU
	EndGlobalSection
	GlobalSection(ProjectConfigurationPlatforms) = postSolution
		{8C470221-3756-4394-91EE-0DFDAFCCA8BF}.Debug|Any CPU.ActiveCfg = Debug|Any CPU
		{8C470221-3756-4394-91EE-0DFDAFCCA8BF}.Debug|Any CPU.Build.0 = Debug|Any CPU
		{8C470221-3756-4394-91EE-0DFDAFCCA8BF}.Release|Any CPU.ActiveCfg = Release|Any CPU
		{8C470221-3756-4394-91EE-0DFDAFCCA8BF}.Release|Any CPU.Build.0 = Release|Any CPU
		{CD16802F-4EAD-47CC-80B8-6E2DA24C0551}.Debug|Any CPU.ActiveCfg = Debug|Any CPU
		{CD16802F-4EAD-47CC-80B8-6E2DA24C0551}.Debug|Any CPU.Build.0 = Debug|Any CPU
		{CD16802F-4EAD-47CC-80B8-6E2DA24C0551}.Release|Any CPU.ActiveCfg = Release|Any CPU
		{CD16802F-4EAD-47CC-80B8-6E2DA24C0551}.Release|Any CPU.Build.0 = Release|Any CPU
		{F4CE3339-4444-4509-A8E9-E80DFBCD2DA6}.Debug|Any CPU.ActiveCfg = Debug|Any CPU
		{F4CE3339-4444-4509-A8E9-E80DFBCD2DA6}.Debug|Any CPU.Build.0 = Debug|Any CPU
		{F4CE3339-4444-4509-A8E9-E80DFBCD2DA6}.Release|Any CPU.ActiveCfg = Release|Any CPU
		{F4CE3339-4444-4509-A8E9-E80DFBCD2DA6}.Release|Any CPU.Build.0 = Release|Any CPU
		{406E5A28-20E1-490E-878F-17746830974C}.Debug|Any CPU.ActiveCfg = Debug|Any CPU
		{406E5A28-20E1-490E-878F-17746830974C}.Debug|Any CPU.Build.0 = Debug|Any CPU
		{406E5A28-20E1-490E-878F-17746830974C}.Release|Any CPU.ActiveCfg = Release|Any CPU
		{406E5A28-20E1-490E-878F-17746830974C}.Release|Any CPU.Build.0 = Release|Any CPU
		{8B1D0BF2-C6DC-4CFB-80B0-9EBDBD08EFDF}.Debug|Any CPU.ActiveCfg = Debug|Any CPU
		{8B1D0BF2-C6DC-4CFB-80B0-9EBDBD08EFDF}.Debug|Any CPU.Build.0 = Debug|Any CPU
		{8B1D0BF2-C6DC-4CFB-80B0-9EBDBD08EFDF}.Release|Any CPU.ActiveCfg = Release|Any CPU
		{8B1D0BF2-C6DC-4CFB-80B0-9EBDBD08EFDF}.Release|Any CPU.Build.0 = Release|Any CPU
		{F514E88F-2610-4A7C-AFE6-4B1D901BF0F5}.Debug|Any CPU.ActiveCfg = Debug|Any CPU
		{F514E88F-2610-4A7C-AFE6-4B1D901BF0F5}.Debug|Any CPU.Build.0 = Debug|Any CPU
		{F514E88F-2610-4A7C-AFE6-4B1D901BF0F5}.Release|Any CPU.ActiveCfg = Release|Any CPU
		{F514E88F-2610-4A7C-AFE6-4B1D901BF0F5}.Release|Any CPU.Build.0 = Release|Any CPU
		{C51DEC21-6438-4696-8AEC-4AC7C73511B5}.Debug|Any CPU.ActiveCfg = Debug|Any CPU
		{C51DEC21-6438-4696-8AEC-4AC7C73511B5}.Debug|Any CPU.Build.0 = Debug|Any CPU
		{C51DEC21-6438-4696-8AEC-4AC7C73511B5}.Release|Any CPU.ActiveCfg = Release|Any CPU
		{C51DEC21-6438-4696-8AEC-4AC7C73511B5}.Release|Any CPU.Build.0 = Release|Any CPU
		{8A1A9FD5-A5C2-404A-901D-F29570281394}.Debug|Any CPU.ActiveCfg = Debug|Any CPU
		{8A1A9FD5-A5C2-404A-901D-F29570281394}.Debug|Any CPU.Build.0 = Debug|Any CPU
		{8A1A9FD5-A5C2-404A-901D-F29570281394}.Release|Any CPU.ActiveCfg = Release|Any CPU
		{8A1A9FD5-A5C2-404A-901D-F29570281394}.Release|Any CPU.Build.0 = Release|Any CPU
	EndGlobalSection
	GlobalSection(SolutionProperties) = preSolution
		HideSolutionNode = FALSE
	EndGlobalSection
	GlobalSection(NestedProjects) = preSolution
		{8C470221-3756-4394-91EE-0DFDAFCCA8BF} = {30DB58A4-B294-498B-BC1C-C787CCE2ED88}
		{CD16802F-4EAD-47CC-80B8-6E2DA24C0551} = {30DB58A4-B294-498B-BC1C-C787CCE2ED88}
		{F4CE3339-4444-4509-A8E9-E80DFBCD2DA6} = {30DB58A4-B294-498B-BC1C-C787CCE2ED88}
		{406E5A28-20E1-490E-878F-17746830974C} = {A1C80E56-2850-4A39-9D3A-C276A57E0251}
		{8B1D0BF2-C6DC-4CFB-80B0-9EBDBD08EFDF} = {A1C80E56-2850-4A39-9D3A-C276A57E0251}
		{F514E88F-2610-4A7C-AFE6-4B1D901BF0F5} = {A1C80E56-2850-4A39-9D3A-C276A57E0251}
		{C51DEC21-6438-4696-8AEC-4AC7C73511B5} = {A1C80E56-2850-4A39-9D3A-C276A57E0251}
		{8A1A9FD5-A5C2-404A-901D-F29570281394} = {A1C80E56-2850-4A39-9D3A-C276A57E0251}
	EndGlobalSection
	GlobalSection(ExtensibilityGlobals) = postSolution
		SolutionGuid = {C89D3DB5-B11F-4D62-B224-ED7E91246BC1}
	EndGlobalSection
EndGlobal
